{
  "name": "screeps",
  "version": "1.0.0",
  "lockfileVersion": 3,
  "requires": true,
  "packages": {
    "": {
      "name": "screeps",
      "version": "1.0.0",
      "license": "ISC",
      "devDependencies": {
        "@types/lodash": "^4.14.170",
        "@types/screeps": "^3.2.3",
        "typescript": "^4.9.5"
      }
    },
    "node_modules/@types/lodash": {
      "version": "4.17.9",
      "resolved": "https://registry.npmjs.org/@types/lodash/-/lodash-4.17.9.tgz",
      "integrity": "sha512-w9iWudx1XWOHW5lQRS9iKpK/XuRhnN+0T7HvdCCd802FYkT1AMTnxndJHGrNJwRoRHkslGr4S29tjm1cT7x/7w==",
      "dev": true,
      "license": "MIT"
    },
    "node_modules/@types/screeps": {
      "version": "3.3.8",
      "resolved": "https://registry.npmjs.org/@types/screeps/-/screeps-3.3.8.tgz",
      "integrity": "sha512-PlZRi5l0RaYNI67BgH4AUxhPeK9fKOyPNdFOVYiT66Olj1RtTjEaPY/REUNTSFKREczKM4oeLuVebJh6uorxzw==",
      "dev": true,
      "license": "MIT"
    },
    "node_modules/typescript": {
      "version": "4.9.5",
      "resolved": "https://registry.npmjs.org/typescript/-/typescript-4.9.5.tgz",
      "integrity": "sha512-1FXk9E2Hm+QzZQ7z+McJiHL4NW1F2EzMu9Nq9i3zAaGqibafqYwCVU6WyWAuyQRRzOlxou8xZSyXLEN8oKj24g==",
      "dev": true,
      "license": "Apache-2.0",
      "bin": {
        "tsc": "bin/tsc",
        "tsserver": "bin/tsserver"
      },
      "engines": {
        "node": ">=4.2.0"
      }
    }
  }
}
